PODS:
  - Capacitor (7.4.5):
    - CapacitorCordova
  - CapacitorCordova (7.4.5)
  - CapacitorHaptics (7.0.3):
    - Capacitor

DEPENDENCIES:
  - "Capacitor (from `../../node_modules/@capacitor/ios`)"
  - "CapacitorCordova (from `../../node_modules/@capacitor/ios`)"
  - "CapacitorHaptics (from `../../node_modules/@capacitor/haptics`)"

EXTERNAL SOURCES:
  Capacitor:
    :path: "../../node_modules/@capacitor/ios"
  CapacitorCordova:
    :path: "../../node_modules/@capacitor/ios"
  CapacitorHaptics:
    :path: "../../node_modules/@capacitor/haptics"

SPEC CHECKSUMS:
  Capacitor: 12914e6f1b7835e161a74ebd19cb361efa37a7dd
  CapacitorCordova: 31bbe4466000c6b86d9b7f1181ee286cff0205aa
  CapacitorHaptics: ce15be8f287fa2c61c7d2d9e958885b90cf0bebc

PODFILE CHECKSUM: 77e136fb208c6c2a6494b7b510a7f97b304ff314

COCOAPODS: 1.16.2
